
Microsoft Visual Studio Solution File, Format Version 12.00
# Visual Studio Version 17
VisualStudioVersion = 17.0.32112.339
MinimumVisualStudioVersion = 10.0.40219.1
Project("{FAE04EC0-301F-11D3-BF4B-00C04F79EFBC}") = "CatATM", "CatATM\CatATM.csproj", "{5F472B54-B002-4682-B065-12A3B7AF7253}"
EndProject
Global
	GlobalSection(SolutionConfigurationPlatforms) = preSolution
		Debug|Any CPU = Debug|Any CPU
		Release|Any CPU = Release|Any CPU
	EndGlobalSection
	GlobalSection(ProjectConfigurationPlatforms) = postSolution
		{5F472B54-B002-4682-B065-12A3B7AF7253}.Debug|Any CPU.ActiveCfg = Debug|Any CPU
		{5F472B54-B002-4682-B065-12A3B7AF7253}.Debug|Any CPU.Build.0 = Debug|Any CPU
		{5F472B54-B002-4682-B065-12A3B7AF7253}.Release|Any CPU.ActiveCfg = Release|Any CPU
		{5F472B54-B002-4682-B065-12A3B7AF7253}.Release|Any CPU.Build.0 = Release|Any CPU
	EndGlobalSection
	GlobalSection(SolutionProperties) = preSolution
		HideSolutionNode = FALSE
	EndGlobalSection
	GlobalSection(ExtensibilityGlobals) = postSolution
		SolutionGuid = {B09AE0D5-07C4-4248-ABED-92C168BE344C}
	EndGlobalSection
EndGlobal
